
Microsoft Visual Studio Solution File, Format Version 11.00
# Visual Studio 2010
Project("{FAE04EC0-301F-11D3-BF4B-00C04F79EFBC}") = "ImageManager", "ImageManager\ImageManager.csproj", "{FC63171B-F3CF-4828-A1F9-5A20799E6D20}"
EndProject
Project("{FAE04EC0-301F-11D3-BF4B-00C04F79EFBC}") = "ImageManagerTest", "ImageManagerTest\ImageManagerTest.csproj", "{AE4FCE4B-39CD-4BD7-AE95-8EFF2BD27206}"
EndProject
Project("{FAE04EC0-301F-11D3-BF4B-00C04F79EFBC}") = "WebHarness", "WebHarness\WebHarness.csproj", "{E1BCB604-FEAE-42CB-8E90-75C9A35BC218}"
EndProject
Global
	GlobalSection(SolutionConfigurationPlatforms) = preSolution
		Debug|Any CPU = Debug|Any CPU
		Release|Any CPU = Release|Any CPU
	EndGlobalSection
	GlobalSection(ProjectConfigurationPlatforms) = postSolution
		{FC63171B-F3CF-4828-A1F9-5A20799E6D20}.Debug|Any CPU.ActiveCfg = Release|Any CPU
		{FC63171B-F3CF-4828-A1F9-5A20799E6D20}.Debug|Any CPU.Build.0 = Release|Any CPU
		{FC63171B-F3CF-4828-A1F9-5A20799E6D20}.Release|Any CPU.ActiveCfg = Release|Any CPU
		{FC63171B-F3CF-4828-A1F9-5A20799E6D20}.Release|Any CPU.Build.0 = Release|Any CPU
		{AE4FCE4B-39CD-4BD7-AE95-8EFF2BD27206}.Debug|Any CPU.ActiveCfg = Debug|Any CPU
		{AE4FCE4B-39CD-4BD7-AE95-8EFF2BD27206}.Debug|Any CPU.Build.0 = Debug|Any CPU
		{AE4FCE4B-39CD-4BD7-AE95-8EFF2BD27206}.Release|Any CPU.ActiveCfg = Release|Any CPU
		{AE4FCE4B-39CD-4BD7-AE95-8EFF2BD27206}.Release|Any CPU.Build.0 = Release|Any CPU
		{E1BCB604-FEAE-42CB-8E90-75C9A35BC218}.Debug|Any CPU.ActiveCfg = Debug|Any CPU
		{E1BCB604-FEAE-42CB-8E90-75C9A35BC218}.Debug|Any CPU.Build.0 = Debug|Any CPU
		{E1BCB604-FEAE-42CB-8E90-75C9A35BC218}.Release|Any CPU.ActiveCfg = Release|Any CPU
		{E1BCB604-FEAE-42CB-8E90-75C9A35BC218}.Release|Any CPU.Build.0 = Release|Any CPU
	EndGlobalSection
	GlobalSection(SolutionProperties) = preSolution
		HideSolutionNode = FALSE
	EndGlobalSection
EndGlobal
